
Microsoft Visual Studio Solution File, Format Version 12.00
Project("{FAE04EC0-301F-11D3-BF4B-00C04F79EFBC}") = "EverscaleNet.Adapter.Rust", "src\EverscaleNet.Adapter.Rust\EverscaleNet.Adapter.Rust.csproj", "{D61297F9-DE59-41DA-A0CC-C843796FDC79}"
EndProject
Project("{FAE04EC0-301F-11D3-BF4B-00C04F79EFBC}") = "EverscaleNet", "src\EverscaleNet\EverscaleNet.csproj", "{D076E181-E3BC-4C08-B59F-2EF648D9C5B5}"
EndProject
Project("{FAE04EC0-301F-11D3-BF4B-00C04F79EFBC}") = "EverscaleNet.Client", "src\EverscaleNet.Client\EverscaleNet.Client.csproj", "{FE34D05D-2956-43D4-9E06-103AA2FACB00}"
EndProject
Project("{2150E333-8FDC-42A3-9474-1A3956D46DE8}") = "samples", "samples", "{6187011F-F7CB-4CE0-8A31-803667A9EE59}"
	ProjectSection(SolutionItems) = preProject
		samples\Directory.Build.props = samples\Directory.Build.props
		samples\README.MD = samples\README.MD
	EndProjectSection
EndProject
Project("{FAE04EC0-301F-11D3-BF4B-00C04F79EFBC}") = "MessageSenderService", "samples\MessageSenderService\MessageSenderService.csproj", "{3ECAD1EB-3AA6-4035-AB31-18F9F74479C3}"
EndProject
Project("{2150E333-8FDC-42A3-9474-1A3956D46DE8}") = "_targets", "_targets", "{DD278D8B-D9EC-4CF6-8D3A-DC34992DBB72}"
ProjectSection(SolutionItems) = preProject
	PackageInfo.targets = PackageInfo.targets
	SDKVersion.targets = SDKVersion.targets
EndProjectSection
EndProject
Project("{FAE04EC0-301F-11D3-BF4B-00C04F79EFBC}") = "EverscaleNet.Serialization", "src\EverscaleNet.Serialization\EverscaleNet.Serialization.csproj", "{5D76F927-6D5D-4B4A-9DF3-CFFC0D4B585A}"
EndProject
Project("{2150E333-8FDC-42A3-9474-1A3956D46DE8}") = "tools", "tools", "{D2AD0D49-D487-4214-AF76-5AB6D64C8E3F}"
	ProjectSection(SolutionItems) = preProject
		tools\Directory.Build.props = tools\Directory.Build.props
	EndProjectSection
EndProject
Project("{2150E333-8FDC-42A3-9474-1A3956D46DE8}") = "tests", "tests", "{26096843-5ED8-41E9-A080-1E8C2A20FE00}"
ProjectSection(SolutionItems) = preProject
	tests\Directory.Build.props = tests\Directory.Build.props
EndProjectSection
EndProject
Project("{FAE04EC0-301F-11D3-BF4B-00C04F79EFBC}") = "EverscaleNet.Utils", "src\EverscaleNet.Utils\EverscaleNet.Utils.csproj", "{D57BFEF7-1A79-459F-B8EE-161DAB0D9A57}"
EndProject
Project("{FAE04EC0-301F-11D3-BF4B-00C04F79EFBC}") = "MessageReceiverService", "samples\MessageReceiverService\MessageReceiverService.csproj", "{96BA5142-3359-441B-A3DB-3D182F68C69F}"
EndProject
Project("{FAE04EC0-301F-11D3-BF4B-00C04F79EFBC}") = "EverscaleNet.ClientGenerator", "tools\EverscaleNet.ClientGenerator\EverscaleNet.ClientGenerator.csproj", "{1E3D732C-83C0-4F2C-ABE6-2DEB18DE2299}"
EndProject
Project("{FAE04EC0-301F-11D3-BF4B-00C04F79EFBC}") = "EverscaleNet.Client.Tests", "tests\EverscaleNet.Client.Tests\EverscaleNet.Client.Tests.csproj", "{FC536D61-8A2A-480B-A252-8C2AFBA7F8F1}"
EndProject
Project("{FAE04EC0-301F-11D3-BF4B-00C04F79EFBC}") = "EverscaleNet.TestsShared", "tests\EverscaleNet.TestsShared\EverscaleNet.TestsShared.csproj", "{3C0B9C56-3539-455A-930E-852A6729B6FE}"
EndProject
Project("{FAE04EC0-301F-11D3-BF4B-00C04F79EFBC}") = "EverscaleNet.RustAdapter.Tests", "tests\EverscaleNet.RustAdapter.Tests\EverscaleNet.RustAdapter.Tests.csproj", "{FEA67E4D-08A2-4B1D-9024-D8A8E5D376A7}"
EndProject
Project("{2150E333-8FDC-42A3-9474-1A3956D46DE8}") = "src", "src", "{6FBB82C1-086C-48B3-844B-B08B096F3B80}"
ProjectSection(SolutionItems) = preProject
	src\Directory.Build.props = src\Directory.Build.props
EndProjectSection
EndProject
Project("{FAE04EC0-301F-11D3-BF4B-00C04F79EFBC}") = "EverscaleNet.Serialization.Tests", "tests\EverscaleNet.Serialization.Tests\EverscaleNet.Serialization.Tests.csproj", "{2338F0F9-BB4D-4FC3-892A-2FC5D58F68E4}"
EndProject
Project("{FAE04EC0-301F-11D3-BF4B-00C04F79EFBC}") = "EverscaleNet.Adapter.Wasm", "src\EverscaleNet.Adapter.Wasm\EverscaleNet.Adapter.Wasm.csproj", "{00FF7C9A-51B5-4D63-8344-3DDC35E50E93}"
EndProject
Project("{FAE04EC0-301F-11D3-BF4B-00C04F79EFBC}") = "EverscaleNet.WebClient", "src\EverscaleNet.WebClient\EverscaleNet.WebClient.csproj", "{EEFF217C-451E-47B4-8D3D-94BA77022C65}"
EndProject
Project("{FAE04EC0-301F-11D3-BF4B-00C04F79EFBC}") = "BlazorApp", "samples\BlazorApp\BlazorApp.csproj", "{5266B4DB-D141-4FB3-93BE-FED64F2E0EB6}"
EndProject
Project("{FAE04EC0-301F-11D3-BF4B-00C04F79EFBC}") = "EverscaleNet.Adapter.Base", "src\EverscaleNet.Adapter.Base\EverscaleNet.Adapter.Base.csproj", "{6A525C3F-429A-44B3-B17A-343F7EC3F201}"
EndProject
Project("{2150E333-8FDC-42A3-9474-1A3956D46DE8}") = "Clients", "Clients", "{640C8AF3-2DDD-4160-8303-B44A060628E7}"
EndProject
Project("{FAE04EC0-301F-11D3-BF4B-00C04F79EFBC}") = "EverscaleNet.AppKit", "src\EverscaleNet.AppKit\EverscaleNet.AppKit.csproj", "{8343A85F-B100-4FAC-B184-796F22446EDF}"
EndProject
Project("{2150E333-8FDC-42A3-9474-1A3956D46DE8}") = "Adapters", "Adapters", "{C0B82D6C-B988-4F9B-B94D-D72A2DC85762}"
EndProject
Project("{FAE04EC0-301F-11D3-BF4B-00C04F79EFBC}") = "TestingExample", "samples\TestingExample\TestingExample.csproj", "{934ABC68-9623-46C9-A73D-A6C783E54936}"
EndProject
Project("{FAE04EC0-301F-11D3-BF4B-00C04F79EFBC}") = "EverscaleNet.Benchmark", "tools\EverscaleNet.Benchmark\EverscaleNet.Benchmark.csproj", "{B212A2FA-ACE5-4717-9D51-D420A93DDF32}"
EndProject
Project("{FAE04EC0-301F-11D3-BF4B-00C04F79EFBC}") = "EverscaleNet.TestSuite", "src\EverscaleNet.TestSuite\EverscaleNet.TestSuite.csproj", "{DC0F2441-1B51-4C9A-9C94-853833462039}"
EndProject
Project("{FAE04EC0-301F-11D3-BF4B-00C04F79EFBC}") = "EverscaleNet.Utils.Tests", "tests\EverscaleNet.Utils.Tests\EverscaleNet.Utils.Tests.csproj", "{EA320D0A-AF79-491B-86FA-D9E80051027B}"
EndProject
Project("{FAE04EC0-301F-11D3-BF4B-00C04F79EFBC}") = "ConsoleApp", "samples\ConsoleApp\ConsoleApp.csproj", "{CD573024-ED3B-4E99-8402-7860E40C13A8}"
EndProject
Global
	GlobalSection(SolutionConfigurationPlatforms) = preSolution
		Debug|Any CPU = Debug|Any CPU
		Release|Any CPU = Release|Any CPU
	EndGlobalSection
	GlobalSection(ProjectConfigurationPlatforms) = postSolution
		{D61297F9-DE59-41DA-A0CC-C843796FDC79}.Debug|Any CPU.ActiveCfg = Debug|Any CPU
		{D61297F9-DE59-41DA-A0CC-C843796FDC79}.Debug|Any CPU.Build.0 = Debug|Any CPU
		{D61297F9-DE59-41DA-A0CC-C843796FDC79}.Release|Any CPU.ActiveCfg = Release|Any CPU
		{D61297F9-DE59-41DA-A0CC-C843796FDC79}.Release|Any CPU.Build.0 = Release|Any CPU
		{D076E181-E3BC-4C08-B59F-2EF648D9C5B5}.Debug|Any CPU.ActiveCfg = Debug|Any CPU
		{D076E181-E3BC-4C08-B59F-2EF648D9C5B5}.Debug|Any CPU.Build.0 = Debug|Any CPU
		{D076E181-E3BC-4C08-B59F-2EF648D9C5B5}.Release|Any CPU.ActiveCfg = Release|Any CPU
		{D076E181-E3BC-4C08-B59F-2EF648D9C5B5}.Release|Any CPU.Build.0 = Release|Any CPU
		{FE34D05D-2956-43D4-9E06-103AA2FACB00}.Debug|Any CPU.ActiveCfg = Debug|Any CPU
		{FE34D05D-2956-43D4-9E06-103AA2FACB00}.Debug|Any CPU.Build.0 = Debug|Any CPU
		{FE34D05D-2956-43D4-9E06-103AA2FACB00}.Release|Any CPU.ActiveCfg = Release|Any CPU
		{FE34D05D-2956-43D4-9E06-103AA2FACB00}.Release|Any CPU.Build.0 = Release|Any CPU
		{3ECAD1EB-3AA6-4035-AB31-18F9F74479C3}.Debug|Any CPU.ActiveCfg = Debug|Any CPU
		{3ECAD1EB-3AA6-4035-AB31-18F9F74479C3}.Debug|Any CPU.Build.0 = Debug|Any CPU
		{3ECAD1EB-3AA6-4035-AB31-18F9F74479C3}.Release|Any CPU.ActiveCfg = Release|Any CPU
		{3ECAD1EB-3AA6-4035-AB31-18F9F74479C3}.Release|Any CPU.Build.0 = Release|Any CPU
		{5D76F927-6D5D-4B4A-9DF3-CFFC0D4B585A}.Debug|Any CPU.ActiveCfg = Debug|Any CPU
		{5D76F927-6D5D-4B4A-9DF3-CFFC0D4B585A}.Debug|Any CPU.Build.0 = Debug|Any CPU
		{5D76F927-6D5D-4B4A-9DF3-CFFC0D4B585A}.Release|Any CPU.ActiveCfg = Release|Any CPU
		{5D76F927-6D5D-4B4A-9DF3-CFFC0D4B585A}.Release|Any CPU.Build.0 = Release|Any CPU
		{D57BFEF7-1A79-459F-B8EE-161DAB0D9A57}.Debug|Any CPU.ActiveCfg = Debug|Any CPU
		{D57BFEF7-1A79-459F-B8EE-161DAB0D9A57}.Debug|Any CPU.Build.0 = Debug|Any CPU
		{D57BFEF7-1A79-459F-B8EE-161DAB0D9A57}.Release|Any CPU.ActiveCfg = Release|Any CPU
		{D57BFEF7-1A79-459F-B8EE-161DAB0D9A57}.Release|Any CPU.Build.0 = Release|Any CPU
		{96BA5142-3359-441B-A3DB-3D182F68C69F}.Debug|Any CPU.ActiveCfg = Debug|Any CPU
		{96BA5142-3359-441B-A3DB-3D182F68C69F}.Debug|Any CPU.Build.0 = Debug|Any CPU
		{96BA5142-3359-441B-A3DB-3D182F68C69F}.Release|Any CPU.ActiveCfg = Release|Any CPU
		{96BA5142-3359-441B-A3DB-3D182F68C69F}.Release|Any CPU.Build.0 = Release|Any CPU
		{1E3D732C-83C0-4F2C-ABE6-2DEB18DE2299}.Debug|Any CPU.ActiveCfg = Debug|Any CPU
		{1E3D732C-83C0-4F2C-ABE6-2DEB18DE2299}.Debug|Any CPU.Build.0 = Debug|Any CPU
		{1E3D732C-83C0-4F2C-ABE6-2DEB18DE2299}.Release|Any CPU.ActiveCfg = Release|Any CPU
		{1E3D732C-83C0-4F2C-ABE6-2DEB18DE2299}.Release|Any CPU.Build.0 = Release|Any CPU
		{FC536D61-8A2A-480B-A252-8C2AFBA7F8F1}.Debug|Any CPU.ActiveCfg = Debug|Any CPU
		{FC536D61-8A2A-480B-A252-8C2AFBA7F8F1}.Debug|Any CPU.Build.0 = Debug|Any CPU
		{FC536D61-8A2A-480B-A252-8C2AFBA7F8F1}.Release|Any CPU.ActiveCfg = Release|Any CPU
		{FC536D61-8A2A-480B-A252-8C2AFBA7F8F1}.Release|Any CPU.Build.0 = Release|Any CPU
		{3C0B9C56-3539-455A-930E-852A6729B6FE}.Debug|Any CPU.ActiveCfg = Debug|Any CPU
		{3C0B9C56-3539-455A-930E-852A6729B6FE}.Debug|Any CPU.Build.0 = Debug|Any CPU
		{3C0B9C56-3539-455A-930E-852A6729B6FE}.Release|Any CPU.ActiveCfg = Release|Any CPU
		{3C0B9C56-3539-455A-930E-852A6729B6FE}.Release|Any CPU.Build.0 = Release|Any CPU
		{FEA67E4D-08A2-4B1D-9024-D8A8E5D376A7}.Debug|Any CPU.ActiveCfg = Debug|Any CPU
		{FEA67E4D-08A2-4B1D-9024-D8A8E5D376A7}.Debug|Any CPU.Build.0 = Debug|Any CPU
		{FEA67E4D-08A2-4B1D-9024-D8A8E5D376A7}.Release|Any CPU.ActiveCfg = Release|Any CPU
		{FEA67E4D-08A2-4B1D-9024-D8A8E5D376A7}.Release|Any CPU.Build.0 = Release|Any CPU
		{2338F0F9-BB4D-4FC3-892A-2FC5D58F68E4}.Debug|Any CPU.ActiveCfg = Debug|Any CPU
		{2338F0F9-BB4D-4FC3-892A-2FC5D58F68E4}.Debug|Any CPU.Build.0 = Debug|Any CPU
		{2338F0F9-BB4D-4FC3-892A-2FC5D58F68E4}.Release|Any CPU.ActiveCfg = Release|Any CPU
		{2338F0F9-BB4D-4FC3-892A-2FC5D58F68E4}.Release|Any CPU.Build.0 = Release|Any CPU
		{00FF7C9A-51B5-4D63-8344-3DDC35E50E93}.Debug|Any CPU.ActiveCfg = Debug|Any CPU
		{00FF7C9A-51B5-4D63-8344-3DDC35E50E93}.Debug|Any CPU.Build.0 = Debug|Any CPU
		{00FF7C9A-51B5-4D63-8344-3DDC35E50E93}.Release|Any CPU.ActiveCfg = Release|Any CPU
		{00FF7C9A-51B5-4D63-8344-3DDC35E50E93}.Release|Any CPU.Build.0 = Release|Any CPU
		{EEFF217C-451E-47B4-8D3D-94BA77022C65}.Debug|Any CPU.ActiveCfg = Debug|Any CPU
		{EEFF217C-451E-47B4-8D3D-94BA77022C65}.Debug|Any CPU.Build.0 = Debug|Any CPU
		{EEFF217C-451E-47B4-8D3D-94BA77022C65}.Release|Any CPU.ActiveCfg = Release|Any CPU
		{EEFF217C-451E-47B4-8D3D-94BA77022C65}.Release|Any CPU.Build.0 = Release|Any CPU
		{5266B4DB-D141-4FB3-93BE-FED64F2E0EB6}.Debug|Any CPU.ActiveCfg = Debug|Any CPU
		{5266B4DB-D141-4FB3-93BE-FED64F2E0EB6}.Debug|Any CPU.Build.0 = Debug|Any CPU
		{5266B4DB-D141-4FB3-93BE-FED64F2E0EB6}.Release|Any CPU.ActiveCfg = Release|Any CPU
		{5266B4DB-D141-4FB3-93BE-FED64F2E0EB6}.Release|Any CPU.Build.0 = Release|Any CPU
		{6A525C3F-429A-44B3-B17A-343F7EC3F201}.Debug|Any CPU.ActiveCfg = Debug|Any CPU
		{6A525C3F-429A-44B3-B17A-343F7EC3F201}.Debug|Any CPU.Build.0 = Debug|Any CPU
		{6A525C3F-429A-44B3-B17A-343F7EC3F201}.Release|Any CPU.ActiveCfg = Release|Any CPU
		{6A525C3F-429A-44B3-B17A-343F7EC3F201}.Release|Any CPU.Build.0 = Release|Any CPU
		{8343A85F-B100-4FAC-B184-796F22446EDF}.Debug|Any CPU.ActiveCfg = Debug|Any CPU
		{8343A85F-B100-4FAC-B184-796F22446EDF}.Debug|Any CPU.Build.0 = Debug|Any CPU
		{8343A85F-B100-4FAC-B184-796F22446EDF}.Release|Any CPU.ActiveCfg = Release|Any CPU
		{8343A85F-B100-4FAC-B184-796F22446EDF}.Release|Any CPU.Build.0 = Release|Any CPU
		{934ABC68-9623-46C9-A73D-A6C783E54936}.Debug|Any CPU.ActiveCfg = Debug|Any CPU
		{934ABC68-9623-46C9-A73D-A6C783E54936}.Debug|Any CPU.Build.0 = Debug|Any CPU
		{934ABC68-9623-46C9-A73D-A6C783E54936}.Release|Any CPU.ActiveCfg = Release|Any CPU
		{934ABC68-9623-46C9-A73D-A6C783E54936}.Release|Any CPU.Build.0 = Release|Any CPU
		{B212A2FA-ACE5-4717-9D51-D420A93DDF32}.Debug|Any CPU.ActiveCfg = Debug|Any CPU
		{B212A2FA-ACE5-4717-9D51-D420A93DDF32}.Debug|Any CPU.Build.0 = Debug|Any CPU
		{B212A2FA-ACE5-4717-9D51-D420A93DDF32}.Release|Any CPU.ActiveCfg = Release|Any CPU
		{B212A2FA-ACE5-4717-9D51-D420A93DDF32}.Release|Any CPU.Build.0 = Release|Any CPU
		{DC0F2441-1B51-4C9A-9C94-853833462039}.Debug|Any CPU.ActiveCfg = Debug|Any CPU
		{DC0F2441-1B51-4C9A-9C94-853833462039}.Debug|Any CPU.Build.0 = Debug|Any CPU
		{DC0F2441-1B51-4C9A-9C94-853833462039}.Release|Any CPU.ActiveCfg = Release|Any CPU
		{DC0F2441-1B51-4C9A-9C94-853833462039}.Release|Any CPU.Build.0 = Release|Any CPU
		{EA320D0A-AF79-491B-86FA-D9E80051027B}.Debug|Any CPU.ActiveCfg = Debug|Any CPU
		{EA320D0A-AF79-491B-86FA-D9E80051027B}.Debug|Any CPU.Build.0 = Debug|Any CPU
		{EA320D0A-AF79-491B-86FA-D9E80051027B}.Release|Any CPU.ActiveCfg = Release|Any CPU
		{EA320D0A-AF79-491B-86FA-D9E80051027B}.Release|Any CPU.Build.0 = Release|Any CPU
		{CD573024-ED3B-4E99-8402-7860E40C13A8}.Debug|Any CPU.ActiveCfg = Debug|Any CPU
		{CD573024-ED3B-4E99-8402-7860E40C13A8}.Debug|Any CPU.Build.0 = Debug|Any CPU
		{CD573024-ED3B-4E99-8402-7860E40C13A8}.Release|Any CPU.ActiveCfg = Release|Any CPU
		{CD573024-ED3B-4E99-8402-7860E40C13A8}.Release|Any CPU.Build.0 = Release|Any CPU
	EndGlobalSection
	GlobalSection(NestedProjects) = preSolution
		{3ECAD1EB-3AA6-4035-AB31-18F9F74479C3} = {6187011F-F7CB-4CE0-8A31-803667A9EE59}
		{96BA5142-3359-441B-A3DB-3D182F68C69F} = {6187011F-F7CB-4CE0-8A31-803667A9EE59}
		{1E3D732C-83C0-4F2C-ABE6-2DEB18DE2299} = {D2AD0D49-D487-4214-AF76-5AB6D64C8E3F}
		{FC536D61-8A2A-480B-A252-8C2AFBA7F8F1} = {26096843-5ED8-41E9-A080-1E8C2A20FE00}
		{3C0B9C56-3539-455A-930E-852A6729B6FE} = {26096843-5ED8-41E9-A080-1E8C2A20FE00}
		{FEA67E4D-08A2-4B1D-9024-D8A8E5D376A7} = {26096843-5ED8-41E9-A080-1E8C2A20FE00}
		{D076E181-E3BC-4C08-B59F-2EF648D9C5B5} = {6FBB82C1-086C-48B3-844B-B08B096F3B80}
		{5D76F927-6D5D-4B4A-9DF3-CFFC0D4B585A} = {6FBB82C1-086C-48B3-844B-B08B096F3B80}
		{D57BFEF7-1A79-459F-B8EE-161DAB0D9A57} = {6FBB82C1-086C-48B3-844B-B08B096F3B80}
		{2338F0F9-BB4D-4FC3-892A-2FC5D58F68E4} = {26096843-5ED8-41E9-A080-1E8C2A20FE00}
		{5266B4DB-D141-4FB3-93BE-FED64F2E0EB6} = {6187011F-F7CB-4CE0-8A31-803667A9EE59}
		{640C8AF3-2DDD-4160-8303-B44A060628E7} = {6FBB82C1-086C-48B3-844B-B08B096F3B80}
		{EEFF217C-451E-47B4-8D3D-94BA77022C65} = {640C8AF3-2DDD-4160-8303-B44A060628E7}
		{FE34D05D-2956-43D4-9E06-103AA2FACB00} = {640C8AF3-2DDD-4160-8303-B44A060628E7}
		{8343A85F-B100-4FAC-B184-796F22446EDF} = {6FBB82C1-086C-48B3-844B-B08B096F3B80}
		{C0B82D6C-B988-4F9B-B94D-D72A2DC85762} = {6FBB82C1-086C-48B3-844B-B08B096F3B80}
		{6A525C3F-429A-44B3-B17A-343F7EC3F201} = {C0B82D6C-B988-4F9B-B94D-D72A2DC85762}
		{D61297F9-DE59-41DA-A0CC-C843796FDC79} = {C0B82D6C-B988-4F9B-B94D-D72A2DC85762}
		{00FF7C9A-51B5-4D63-8344-3DDC35E50E93} = {C0B82D6C-B988-4F9B-B94D-D72A2DC85762}
		{934ABC68-9623-46C9-A73D-A6C783E54936} = {6187011F-F7CB-4CE0-8A31-803667A9EE59}
		{B212A2FA-ACE5-4717-9D51-D420A93DDF32} = {D2AD0D49-D487-4214-AF76-5AB6D64C8E3F}
		{DC0F2441-1B51-4C9A-9C94-853833462039} = {6FBB82C1-086C-48B3-844B-B08B096F3B80}
		{EA320D0A-AF79-491B-86FA-D9E80051027B} = {26096843-5ED8-41E9-A080-1E8C2A20FE00}
		{CD573024-ED3B-4E99-8402-7860E40C13A8} = {6187011F-F7CB-4CE0-8A31-803667A9EE59}
	EndGlobalSection
EndGlobal
