
Microsoft Visual Studio Solution File, Format Version 12.00
Project("{FAE04EC0-301F-11D3-BF4B-00C04F79EFBC}") = "ch1seL.TonNet.RustAdapter", "src\ch1seL.TonNet.RustAdapter\ch1seL.TonNet.RustAdapter.csproj", "{D61297F9-DE59-41DA-A0CC-C843796FDC79}"
EndProject
Project("{FAE04EC0-301F-11D3-BF4B-00C04F79EFBC}") = "ch1seL.TonNet.RustAdapter.Tests", "src\ch1seL.TonNet.RustAdapter.Tests\ch1seL.TonNet.RustAdapter.Tests.csproj", "{002C7C4E-13D5-4BB9-A5D4-669A278580B2}"
EndProject
Project("{FAE04EC0-301F-11D3-BF4B-00C04F79EFBC}") = "ch1seL.TonNet.Abstract", "src\ch1seL.TonNet.Abstract\ch1seL.TonNet.Abstract.csproj", "{D076E181-E3BC-4C08-B59F-2EF648D9C5B5}"
EndProject
Project("{FAE04EC0-301F-11D3-BF4B-00C04F79EFBC}") = "ch1seL.TonNet.Client", "src\ch1seL.TonNet.Client\ch1seL.TonNet.Client.csproj", "{FE34D05D-2956-43D4-9E06-103AA2FACB00}"
EndProject
Project("{FAE04EC0-301F-11D3-BF4B-00C04F79EFBC}") = "ch1seL.TonNet.Client.Tests", "src\ch1seL.TonNet.Client.Tests\ch1seL.TonNet.Client.Tests.csproj", "{C2F964A9-8A1E-4CE9-955F-D8A9B4DF4030}"
EndProject
Project("{2150E333-8FDC-42A3-9474-1A3956D46DE8}") = "samples", "samples", "{6187011F-F7CB-4CE0-8A31-803667A9EE59}"
EndProject
Project("{FAE04EC0-301F-11D3-BF4B-00C04F79EFBC}") = "MessageSenderService", "samples\MessageSenderService\MessageSenderService.csproj", "{3ECAD1EB-3AA6-4035-AB31-18F9F74479C3}"
EndProject
Project("{2150E333-8FDC-42A3-9474-1A3956D46DE8}") = "_targets", "_targets", "{DD278D8B-D9EC-4CF6-8D3A-DC34992DBB72}"
ProjectSection(SolutionItems) = preProject
	PackageInfo.targets = PackageInfo.targets
	SDKVersion.targets = SDKVersion.targets
EndProjectSection
EndProject
Project("{FAE04EC0-301F-11D3-BF4B-00C04F79EFBC}") = "ch1seL.TonNet.Serialization", "src\ch1seL.TonNet.Serialization\ch1seL.TonNet.Serialization.csproj", "{5D76F927-6D5D-4B4A-9DF3-CFFC0D4B585A}"
EndProject
Project("{FAE04EC0-301F-11D3-BF4B-00C04F79EFBC}") = "ch1seL.TonNet.Client.Models", "src\ch1seL.TonNet.Client.Models\ch1seL.TonNet.Client.Models.csproj", "{44169AA0-B38A-4DF9-93C3-5743C4D9B1E1}"
EndProject
Project("{FAE04EC0-301F-11D3-BF4B-00C04F79EFBC}") = "ch1seL.TonNet.Serialization.Tests", "src\ch1seL.TonNet.Serialization.Tests\ch1seL.TonNet.Serialization.Tests.csproj", "{1C6E23C8-5006-4E07-A905-F6C569C76019}"
EndProject
Project("{FAE04EC0-301F-11D3-BF4B-00C04F79EFBC}") = "ch1seL.TonNet.TestsShared", "src\ch1seL.TonNet.TestsShared\ch1seL.TonNet.TestsShared.csproj", "{92A0EFA1-8ED9-44B0-8BF8-459C47805B3C}"
EndProject
Project("{2150E333-8FDC-42A3-9474-1A3956D46DE8}") = "tools", "tools", "{D2AD0D49-D487-4214-AF76-5AB6D64C8E3F}"
EndProject
Project("{2150E333-8FDC-42A3-9474-1A3956D46DE8}") = "tests", "tests", "{26096843-5ED8-41E9-A080-1E8C2A20FE00}"
EndProject
Project("{FAE04EC0-301F-11D3-BF4B-00C04F79EFBC}") = "ch1seL.TonNet.Utils", "src\ch1seL.TonNet.Utils\ch1seL.TonNet.Utils.csproj", "{D57BFEF7-1A79-459F-B8EE-161DAB0D9A57}"
EndProject
Project("{FAE04EC0-301F-11D3-BF4B-00C04F79EFBC}") = "MessageReceiverService", "samples\MessageReceiverService\MessageReceiverService.csproj", "{96BA5142-3359-441B-A3DB-3D182F68C69F}"
EndProject
Project("{FAE04EC0-301F-11D3-BF4B-00C04F79EFBC}") = "ClientGenerator", "tools\ClientGenerator\ClientGenerator.csproj", "{1E3D732C-83C0-4F2C-ABE6-2DEB18DE2299}"
EndProject
Project("{FAE04EC0-301F-11D3-BF4B-00C04F79EFBC}") = "ch1seL.TonNet.Client.Modules", "src\ch1seL.TonNet.Client.Modules\ch1seL.TonNet.Client.Modules.csproj", "{9E876ECE-E4BB-47FD-B642-060A5368BA67}"
EndProject
Project("{FAE04EC0-301F-11D3-BF4B-00C04F79EFBC}") = "ch1seL.TonNet.Debot", "src\ch1seL.TonNet.Debot\ch1seL.TonNet.Debot.csproj", "{83B2E3D2-3647-4419-A040-B4B5BCEC8D1D}"
EndProject
Global
	GlobalSection(SolutionConfigurationPlatforms) = preSolution
		Debug|Any CPU = Debug|Any CPU
		Release|Any CPU = Release|Any CPU
	EndGlobalSection
	GlobalSection(ProjectConfigurationPlatforms) = postSolution
		{D61297F9-DE59-41DA-A0CC-C843796FDC79}.Debug|Any CPU.ActiveCfg = Debug|Any CPU
		{D61297F9-DE59-41DA-A0CC-C843796FDC79}.Debug|Any CPU.Build.0 = Debug|Any CPU
		{D61297F9-DE59-41DA-A0CC-C843796FDC79}.Release|Any CPU.ActiveCfg = Release|Any CPU
		{D61297F9-DE59-41DA-A0CC-C843796FDC79}.Release|Any CPU.Build.0 = Release|Any CPU
		{002C7C4E-13D5-4BB9-A5D4-669A278580B2}.Debug|Any CPU.ActiveCfg = Debug|Any CPU
		{002C7C4E-13D5-4BB9-A5D4-669A278580B2}.Debug|Any CPU.Build.0 = Debug|Any CPU
		{002C7C4E-13D5-4BB9-A5D4-669A278580B2}.Release|Any CPU.ActiveCfg = Release|Any CPU
		{002C7C4E-13D5-4BB9-A5D4-669A278580B2}.Release|Any CPU.Build.0 = Release|Any CPU
		{D076E181-E3BC-4C08-B59F-2EF648D9C5B5}.Debug|Any CPU.ActiveCfg = Debug|Any CPU
		{D076E181-E3BC-4C08-B59F-2EF648D9C5B5}.Debug|Any CPU.Build.0 = Debug|Any CPU
		{D076E181-E3BC-4C08-B59F-2EF648D9C5B5}.Release|Any CPU.ActiveCfg = Release|Any CPU
		{D076E181-E3BC-4C08-B59F-2EF648D9C5B5}.Release|Any CPU.Build.0 = Release|Any CPU
		{FE34D05D-2956-43D4-9E06-103AA2FACB00}.Debug|Any CPU.ActiveCfg = Debug|Any CPU
		{FE34D05D-2956-43D4-9E06-103AA2FACB00}.Debug|Any CPU.Build.0 = Debug|Any CPU
		{FE34D05D-2956-43D4-9E06-103AA2FACB00}.Release|Any CPU.ActiveCfg = Release|Any CPU
		{FE34D05D-2956-43D4-9E06-103AA2FACB00}.Release|Any CPU.Build.0 = Release|Any CPU
		{C2F964A9-8A1E-4CE9-955F-D8A9B4DF4030}.Debug|Any CPU.ActiveCfg = Debug|Any CPU
		{C2F964A9-8A1E-4CE9-955F-D8A9B4DF4030}.Debug|Any CPU.Build.0 = Debug|Any CPU
		{C2F964A9-8A1E-4CE9-955F-D8A9B4DF4030}.Release|Any CPU.ActiveCfg = Release|Any CPU
		{C2F964A9-8A1E-4CE9-955F-D8A9B4DF4030}.Release|Any CPU.Build.0 = Release|Any CPU
		{3ECAD1EB-3AA6-4035-AB31-18F9F74479C3}.Debug|Any CPU.ActiveCfg = Debug|Any CPU
		{3ECAD1EB-3AA6-4035-AB31-18F9F74479C3}.Debug|Any CPU.Build.0 = Debug|Any CPU
		{3ECAD1EB-3AA6-4035-AB31-18F9F74479C3}.Release|Any CPU.ActiveCfg = Release|Any CPU
		{3ECAD1EB-3AA6-4035-AB31-18F9F74479C3}.Release|Any CPU.Build.0 = Release|Any CPU
		{5D76F927-6D5D-4B4A-9DF3-CFFC0D4B585A}.Debug|Any CPU.ActiveCfg = Debug|Any CPU
		{5D76F927-6D5D-4B4A-9DF3-CFFC0D4B585A}.Debug|Any CPU.Build.0 = Debug|Any CPU
		{5D76F927-6D5D-4B4A-9DF3-CFFC0D4B585A}.Release|Any CPU.ActiveCfg = Release|Any CPU
		{5D76F927-6D5D-4B4A-9DF3-CFFC0D4B585A}.Release|Any CPU.Build.0 = Release|Any CPU
		{44169AA0-B38A-4DF9-93C3-5743C4D9B1E1}.Debug|Any CPU.ActiveCfg = Debug|Any CPU
		{44169AA0-B38A-4DF9-93C3-5743C4D9B1E1}.Debug|Any CPU.Build.0 = Debug|Any CPU
		{44169AA0-B38A-4DF9-93C3-5743C4D9B1E1}.Release|Any CPU.ActiveCfg = Release|Any CPU
		{44169AA0-B38A-4DF9-93C3-5743C4D9B1E1}.Release|Any CPU.Build.0 = Release|Any CPU
		{1C6E23C8-5006-4E07-A905-F6C569C76019}.Debug|Any CPU.ActiveCfg = Debug|Any CPU
		{1C6E23C8-5006-4E07-A905-F6C569C76019}.Debug|Any CPU.Build.0 = Debug|Any CPU
		{1C6E23C8-5006-4E07-A905-F6C569C76019}.Release|Any CPU.ActiveCfg = Release|Any CPU
		{1C6E23C8-5006-4E07-A905-F6C569C76019}.Release|Any CPU.Build.0 = Release|Any CPU
		{92A0EFA1-8ED9-44B0-8BF8-459C47805B3C}.Debug|Any CPU.ActiveCfg = Debug|Any CPU
		{92A0EFA1-8ED9-44B0-8BF8-459C47805B3C}.Debug|Any CPU.Build.0 = Debug|Any CPU
		{92A0EFA1-8ED9-44B0-8BF8-459C47805B3C}.Release|Any CPU.ActiveCfg = Release|Any CPU
		{92A0EFA1-8ED9-44B0-8BF8-459C47805B3C}.Release|Any CPU.Build.0 = Release|Any CPU
		{D57BFEF7-1A79-459F-B8EE-161DAB0D9A57}.Debug|Any CPU.ActiveCfg = Debug|Any CPU
		{D57BFEF7-1A79-459F-B8EE-161DAB0D9A57}.Debug|Any CPU.Build.0 = Debug|Any CPU
		{D57BFEF7-1A79-459F-B8EE-161DAB0D9A57}.Release|Any CPU.ActiveCfg = Release|Any CPU
		{D57BFEF7-1A79-459F-B8EE-161DAB0D9A57}.Release|Any CPU.Build.0 = Release|Any CPU
		{96BA5142-3359-441B-A3DB-3D182F68C69F}.Debug|Any CPU.ActiveCfg = Debug|Any CPU
		{96BA5142-3359-441B-A3DB-3D182F68C69F}.Debug|Any CPU.Build.0 = Debug|Any CPU
		{96BA5142-3359-441B-A3DB-3D182F68C69F}.Release|Any CPU.ActiveCfg = Release|Any CPU
		{96BA5142-3359-441B-A3DB-3D182F68C69F}.Release|Any CPU.Build.0 = Release|Any CPU
		{1E3D732C-83C0-4F2C-ABE6-2DEB18DE2299}.Debug|Any CPU.ActiveCfg = Debug|Any CPU
		{1E3D732C-83C0-4F2C-ABE6-2DEB18DE2299}.Debug|Any CPU.Build.0 = Debug|Any CPU
		{1E3D732C-83C0-4F2C-ABE6-2DEB18DE2299}.Release|Any CPU.ActiveCfg = Release|Any CPU
		{1E3D732C-83C0-4F2C-ABE6-2DEB18DE2299}.Release|Any CPU.Build.0 = Release|Any CPU
		{9E876ECE-E4BB-47FD-B642-060A5368BA67}.Debug|Any CPU.ActiveCfg = Debug|Any CPU
		{9E876ECE-E4BB-47FD-B642-060A5368BA67}.Debug|Any CPU.Build.0 = Debug|Any CPU
		{9E876ECE-E4BB-47FD-B642-060A5368BA67}.Release|Any CPU.ActiveCfg = Release|Any CPU
		{9E876ECE-E4BB-47FD-B642-060A5368BA67}.Release|Any CPU.Build.0 = Release|Any CPU
		{83B2E3D2-3647-4419-A040-B4B5BCEC8D1D}.Debug|Any CPU.ActiveCfg = Debug|Any CPU
		{83B2E3D2-3647-4419-A040-B4B5BCEC8D1D}.Debug|Any CPU.Build.0 = Debug|Any CPU
		{83B2E3D2-3647-4419-A040-B4B5BCEC8D1D}.Release|Any CPU.ActiveCfg = Release|Any CPU
		{83B2E3D2-3647-4419-A040-B4B5BCEC8D1D}.Release|Any CPU.Build.0 = Release|Any CPU
	EndGlobalSection
	GlobalSection(NestedProjects) = preSolution
		{3ECAD1EB-3AA6-4035-AB31-18F9F74479C3} = {6187011F-F7CB-4CE0-8A31-803667A9EE59}
		{C2F964A9-8A1E-4CE9-955F-D8A9B4DF4030} = {26096843-5ED8-41E9-A080-1E8C2A20FE00}
		{002C7C4E-13D5-4BB9-A5D4-669A278580B2} = {26096843-5ED8-41E9-A080-1E8C2A20FE00}
		{1C6E23C8-5006-4E07-A905-F6C569C76019} = {26096843-5ED8-41E9-A080-1E8C2A20FE00}
		{92A0EFA1-8ED9-44B0-8BF8-459C47805B3C} = {26096843-5ED8-41E9-A080-1E8C2A20FE00}
		{96BA5142-3359-441B-A3DB-3D182F68C69F} = {6187011F-F7CB-4CE0-8A31-803667A9EE59}
		{1E3D732C-83C0-4F2C-ABE6-2DEB18DE2299} = {D2AD0D49-D487-4214-AF76-5AB6D64C8E3F}
	EndGlobalSection
EndGlobal
