
Microsoft Visual Studio Solution File, Format Version 12.00
Project("{FAE04EC0-301F-11D3-BF4B-00C04F79EFBC}") = "ch1seL.TonNet.RustClient", "src\ch1seL.TonNet.RustClient\ch1seL.TonNet.RustClient.csproj", "{D61297F9-DE59-41DA-A0CC-C843796FDC79}"
EndProject
Project("{FAE04EC0-301F-11D3-BF4B-00C04F79EFBC}") = "ch1seL.TonNet.RustClient.Tests", "src\ch1seL.TonNet.RustClient.Tests\ch1seL.TonNet.RustClient.Tests.csproj", "{002C7C4E-13D5-4BB9-A5D4-669A278580B2}"
EndProject
Project("{FAE04EC0-301F-11D3-BF4B-00C04F79EFBC}") = "ch1seL.TonNet.ClientGenerator", "src\ch1seL.TonNet.ClientGenerator\ch1seL.TonNet.ClientGenerator.csproj", "{99BF12E4-77BD-4ABB-8926-1747C0661E71}"
EndProject
Project("{FAE04EC0-301F-11D3-BF4B-00C04F79EFBC}") = "ch1seL.TonNet.Abstract", "src\ch1seL.TonNet.Abstract\ch1seL.TonNet.Abstract.csproj", "{D076E181-E3BC-4C08-B59F-2EF648D9C5B5}"
EndProject
Project("{FAE04EC0-301F-11D3-BF4B-00C04F79EFBC}") = "ch1seL.TonNet.Client", "src\ch1seL.TonNet.Client\ch1seL.TonNet.Client.csproj", "{FE34D05D-2956-43D4-9E06-103AA2FACB00}"
EndProject
Project("{FAE04EC0-301F-11D3-BF4B-00C04F79EFBC}") = "ch1seL.TonNet.Client.Tests", "src\ch1seL.TonNet.Client.Tests\ch1seL.TonNet.Client.Tests.csproj", "{C2F964A9-8A1E-4CE9-955F-D8A9B4DF4030}"
EndProject
Project("{2150E333-8FDC-42A3-9474-1A3956D46DE8}") = "samples", "samples", "{6187011F-F7CB-4CE0-8A31-803667A9EE59}"
EndProject
Project("{FAE04EC0-301F-11D3-BF4B-00C04F79EFBC}") = "SampleWorkerService", "samples\SampleWorkerService\SampleWorkerService.csproj", "{3ECAD1EB-3AA6-4035-AB31-18F9F74479C3}"
EndProject
Global
	GlobalSection(SolutionConfigurationPlatforms) = preSolution
		Debug|Any CPU = Debug|Any CPU
		Release|Any CPU = Release|Any CPU
	EndGlobalSection
	GlobalSection(ProjectConfigurationPlatforms) = postSolution
		{D61297F9-DE59-41DA-A0CC-C843796FDC79}.Debug|Any CPU.ActiveCfg = Debug|Any CPU
		{D61297F9-DE59-41DA-A0CC-C843796FDC79}.Debug|Any CPU.Build.0 = Debug|Any CPU
		{D61297F9-DE59-41DA-A0CC-C843796FDC79}.Release|Any CPU.ActiveCfg = Release|Any CPU
		{D61297F9-DE59-41DA-A0CC-C843796FDC79}.Release|Any CPU.Build.0 = Release|Any CPU
		{002C7C4E-13D5-4BB9-A5D4-669A278580B2}.Debug|Any CPU.ActiveCfg = Debug|Any CPU
		{002C7C4E-13D5-4BB9-A5D4-669A278580B2}.Debug|Any CPU.Build.0 = Debug|Any CPU
		{002C7C4E-13D5-4BB9-A5D4-669A278580B2}.Release|Any CPU.ActiveCfg = Release|Any CPU
		{002C7C4E-13D5-4BB9-A5D4-669A278580B2}.Release|Any CPU.Build.0 = Release|Any CPU
		{99BF12E4-77BD-4ABB-8926-1747C0661E71}.Debug|Any CPU.ActiveCfg = Debug|Any CPU
		{99BF12E4-77BD-4ABB-8926-1747C0661E71}.Debug|Any CPU.Build.0 = Debug|Any CPU
		{99BF12E4-77BD-4ABB-8926-1747C0661E71}.Release|Any CPU.ActiveCfg = Release|Any CPU
		{99BF12E4-77BD-4ABB-8926-1747C0661E71}.Release|Any CPU.Build.0 = Release|Any CPU
		{D076E181-E3BC-4C08-B59F-2EF648D9C5B5}.Debug|Any CPU.ActiveCfg = Debug|Any CPU
		{D076E181-E3BC-4C08-B59F-2EF648D9C5B5}.Debug|Any CPU.Build.0 = Debug|Any CPU
		{D076E181-E3BC-4C08-B59F-2EF648D9C5B5}.Release|Any CPU.ActiveCfg = Release|Any CPU
		{D076E181-E3BC-4C08-B59F-2EF648D9C5B5}.Release|Any CPU.Build.0 = Release|Any CPU
		{FE34D05D-2956-43D4-9E06-103AA2FACB00}.Debug|Any CPU.ActiveCfg = Debug|Any CPU
		{FE34D05D-2956-43D4-9E06-103AA2FACB00}.Debug|Any CPU.Build.0 = Debug|Any CPU
		{FE34D05D-2956-43D4-9E06-103AA2FACB00}.Release|Any CPU.ActiveCfg = Release|Any CPU
		{FE34D05D-2956-43D4-9E06-103AA2FACB00}.Release|Any CPU.Build.0 = Release|Any CPU
		{C2F964A9-8A1E-4CE9-955F-D8A9B4DF4030}.Debug|Any CPU.ActiveCfg = Debug|Any CPU
		{C2F964A9-8A1E-4CE9-955F-D8A9B4DF4030}.Debug|Any CPU.Build.0 = Debug|Any CPU
		{C2F964A9-8A1E-4CE9-955F-D8A9B4DF4030}.Release|Any CPU.ActiveCfg = Release|Any CPU
		{C2F964A9-8A1E-4CE9-955F-D8A9B4DF4030}.Release|Any CPU.Build.0 = Release|Any CPU
		{3ECAD1EB-3AA6-4035-AB31-18F9F74479C3}.Debug|Any CPU.ActiveCfg = Debug|Any CPU
		{3ECAD1EB-3AA6-4035-AB31-18F9F74479C3}.Debug|Any CPU.Build.0 = Debug|Any CPU
		{3ECAD1EB-3AA6-4035-AB31-18F9F74479C3}.Release|Any CPU.ActiveCfg = Release|Any CPU
		{3ECAD1EB-3AA6-4035-AB31-18F9F74479C3}.Release|Any CPU.Build.0 = Release|Any CPU
	EndGlobalSection
	GlobalSection(NestedProjects) = preSolution
		{3ECAD1EB-3AA6-4035-AB31-18F9F74479C3} = {6187011F-F7CB-4CE0-8A31-803667A9EE59}
	EndGlobalSection
EndGlobal
