{
  "version": 1,
  "dependencies": {
    "net6.0": {
      "Microsoft.Extensions.Options": {
        "type": "Direct",
        "requested": "[7.0.0, )",
        "resolved": "7.0.0",
        "contentHash": "lP1yBnTTU42cKpMozuafbvNtQ7QcBjr/CcK3bYOGEMH55Fjt+iecXjT6chR7vbgCMqy3PG3aNQSZgo/EuY/9qQ==",
        "dependencies": {
          "Microsoft.Extensions.DependencyInjection.Abstractions": "7.0.0",
          "Microsoft.Extensions.Primitives": "7.0.0"
        }
      },
      "Microsoft.JSInterop": {
        "type": "Direct",
        "requested": "[6.0.0, )",
        "resolved": "6.0.0",
        "contentHash": "M7NyTgOY0vhozRtppvxUDJblgPWBUg6ioJ2vpaKpXVYILB0No8Vrv4HPis+ig5BzaOWd3PR9D3oTovYKGBt3mw=="
      },
      "Dahomey.Json": {
        "type": "Transitive",
        "resolved": "1.12.2",
        "contentHash": "lguY4WN14f6kQuKJTGX+nsTT0V31PWHa+jcPx86B/xmOBgm4FwdLKtymMFBKAE5yBDDKhO7iQIvFwQNHufWLRw==",
        "dependencies": {
          "Dahomey.Json.Attributes": "1.0.1"
        }
      },
      "Dahomey.Json.Attributes": {
        "type": "Transitive",
        "resolved": "1.0.1",
        "contentHash": "5V73KuRVnyvyB8+BEkCvxpbI3MZpG6PQNdfKGxeKFBabotepbrnJ+Xz00P84BD4zdg7UPGybo9Nsl988Y8/tfw=="
      },
      "Microsoft.Extensions.DependencyInjection.Abstractions": {
        "type": "Transitive",
        "resolved": "7.0.0",
        "contentHash": "h3j/QfmFN4S0w4C2A6X7arXij/M/OVw3uQHSOFxnND4DyAzO1F9eMX7Eti7lU/OkSthEE0WzRsfT/Dmx86jzCw=="
      },
      "Microsoft.Extensions.Logging.Abstractions": {
        "type": "Transitive",
        "resolved": "6.0.2",
        "contentHash": "pwXCZKaA7m5wgmCj49dW+H1RPSY7U62SKLTQYCcavf/k3Nyt/WnBgAjG4jMGnwy9rElfAZ2KvxvM5CJzJWG0hg=="
      },
      "Microsoft.Extensions.Primitives": {
        "type": "Transitive",
        "resolved": "7.0.0",
        "contentHash": "um1KU5kxcRp3CNuI8o/GrZtD4AIOXDk+RLsytjZ9QPok3ttLUelLKpilVPuaFT3TFjOhSibUAso0odbOaCDj3Q==",
        "dependencies": {
          "System.Runtime.CompilerServices.Unsafe": "6.0.0"
        }
      },
      "System.Runtime.CompilerServices.Unsafe": {
        "type": "Transitive",
        "resolved": "6.0.0",
        "contentHash": "/iUeP3tq1S0XdNNoMz5C9twLSrM/TH+qElHkXWaPvuNOt+99G75NrV0OS2EqHx5wMN7popYjpc8oTjC1y16DLg=="
      },
      "everscalenet": {
        "type": "Project",
        "dependencies": {
          "Dahomey.Json.Attributes": "[1.0.1, )"
        }
      },
      "everscalenet.adapter.base": {
        "type": "Project",
        "dependencies": {
          "EverscaleNet": "[1.0.0, )",
          "EverscaleNet.Serialization": "[1.0.0, )",
          "Microsoft.Extensions.Logging.Abstractions": "[6.0.2, )"
        }
      },
      "everscalenet.serialization": {
        "type": "Project",
        "dependencies": {
          "Dahomey.Json": "[1.12.2, )",
          "EverscaleNet": "[1.0.0, )"
        }
      }
    },
    "net7.0": {
      "Microsoft.Extensions.Options": {
        "type": "Direct",
        "requested": "[7.0.0, )",
        "resolved": "7.0.0",
        "contentHash": "lP1yBnTTU42cKpMozuafbvNtQ7QcBjr/CcK3bYOGEMH55Fjt+iecXjT6chR7vbgCMqy3PG3aNQSZgo/EuY/9qQ==",
        "dependencies": {
          "Microsoft.Extensions.DependencyInjection.Abstractions": "7.0.0",
          "Microsoft.Extensions.Primitives": "7.0.0"
        }
      },
      "Microsoft.JSInterop": {
        "type": "Direct",
        "requested": "[7.0.0, )",
        "resolved": "7.0.0",
        "contentHash": "C9diwCnaWZ7PH3zOyf2zgcwFEqbSU11DzCnUPXCf5cqXMFeZDrEDP+M74TiCURKJ5vxImRvMtD7RiHYCtkxoXw=="
      },
      "Microsoft.Extensions.DependencyInjection.Abstractions": {
        "type": "Transitive",
        "resolved": "7.0.0",
        "contentHash": "h3j/QfmFN4S0w4C2A6X7arXij/M/OVw3uQHSOFxnND4DyAzO1F9eMX7Eti7lU/OkSthEE0WzRsfT/Dmx86jzCw=="
      },
      "Microsoft.Extensions.Logging.Abstractions": {
        "type": "Transitive",
        "resolved": "6.0.2",
        "contentHash": "pwXCZKaA7m5wgmCj49dW+H1RPSY7U62SKLTQYCcavf/k3Nyt/WnBgAjG4jMGnwy9rElfAZ2KvxvM5CJzJWG0hg=="
      },
      "Microsoft.Extensions.Primitives": {
        "type": "Transitive",
        "resolved": "7.0.0",
        "contentHash": "um1KU5kxcRp3CNuI8o/GrZtD4AIOXDk+RLsytjZ9QPok3ttLUelLKpilVPuaFT3TFjOhSibUAso0odbOaCDj3Q=="
      },
      "everscalenet": {
        "type": "Project"
      },
      "everscalenet.adapter.base": {
        "type": "Project",
        "dependencies": {
          "EverscaleNet": "[1.0.0, )",
          "EverscaleNet.Serialization": "[1.0.0, )",
          "Microsoft.Extensions.Logging.Abstractions": "[6.0.2, )"
        }
      },
      "everscalenet.serialization": {
        "type": "Project",
        "dependencies": {
          "EverscaleNet": "[1.0.0, )"
        }
      }
    }
  }
}